<?xml version="1.0" encoding="utf-8"?>
<Project ToolsVersion="4.0" xmlns="http://schemas.microsoft.com/developer/msbuild/2003">
  <ItemGroup>
    <ClCompile Include="App.cpp" />
    <ClCompile Include="Debug.cpp" />
    <ClCompile Include="gRayTracer.cpp" />
    <ClCompile Include="main.cpp" />
    <ClCompile Include="Mesh.cpp" />
    <ClCompile Include="gShader.cpp" />
    <ClCompile Include="gShaderManager.cpp" />
    <ClCompile Include="gShaderProgram.cpp" />
    <ClCompile Include="mFileLoader.cpp" />
    <ClCompile Include="gVertexArray.cpp" />
    <ClCompile Include="gVertexBuffer.cpp" />
    <ClCompile Include="PostProcess.cpp" />
    <ClCompile Include="PostProcessDecorator.cpp" />
  </ItemGroup>
  <ItemGroup>
    <ClInclude Include="App.h" />
    <ClInclude Include="Common.h" />
    <ClInclude Include="Debug.h" />
    <ClInclude Include="gRayTracer.h" />
    <ClInclude Include="Light.h" />
    <ClInclude Include="Material.h" />
    <ClInclude Include="Math.h" />
    <ClInclude Include="Mesh.h" />
    <ClInclude Include="gShader.h" />
    <ClInclude Include="gShaderAttribute.h" />
    <ClInclude Include="mFileLoader.h" />
    <ClInclude Include="gVertexArray.h" />
    <ClInclude Include="gShaderManager.h" />
    <ClInclude Include="gShaderProgram.h" />
    <ClInclude Include="gVertexBuffer.h" />
    <ClInclude Include="PostProcess.h" />
    <ClInclude Include="PostProcessDecorator.h" />
    <ClInclude Include="Primitives.h" />
    <ClInclude Include="Ray.h" />
    <ClInclude Include="stb_image.h" />
  </ItemGroup>
  <ItemGroup>
    <None Include="bin\data\blurPass.frag" />
    <None Include="bin\data\compute_shader.comp" />
    <None Include="bin\data\collisionPass.comp" />
    <None Include="bin\data\fragment_base.frag" />
    <None Include="bin\data\fragment_gray.frag" />
    <None Include="bin\data\fragment_sobel.frag" />
    <None Include="bin\data\shadingPass.comp" />
    <None Include="bin\data\vertex_uv.vert" />
  </ItemGroup>
</Project>