<?xml version="1.0" encoding="utf-8"?>
<Project ToolsVersion="4.0" xmlns="http://schemas.microsoft.com/developer/msbuild/2003">
  <ItemGroup>
    <ClCompile Include="App.cpp">
      <Filter>Source</Filter>
    </ClCompile>
    <ClCompile Include="main.cpp">
      <Filter>Source</Filter>
    </ClCompile>
    <ClCompile Include="gShader.cpp">
      <Filter>Source\Ravine</Filter>
    </ClCompile>
    <ClCompile Include="gShaderManager.cpp">
      <Filter>Source\Ravine</Filter>
    </ClCompile>
    <ClCompile Include="gShaderProgram.cpp">
      <Filter>Source\Ravine</Filter>
    </ClCompile>
    <ClCompile Include="gVertexArray.cpp">
      <Filter>Source\Ravine</Filter>
    </ClCompile>
    <ClCompile Include="gVertexBuffer.cpp">
      <Filter>Source\Ravine</Filter>
    </ClCompile>
    <ClCompile Include="Mesh.cpp">
      <Filter>Source\Ravine</Filter>
    </ClCompile>
    <ClCompile Include="Debug.cpp">
      <Filter>Source\Ravine</Filter>
    </ClCompile>
    <ClCompile Include="mFileLoader.cpp">
      <Filter>Source\Ravine</Filter>
    </ClCompile>
    <ClCompile Include="PostProcess.cpp">
      <Filter>Source\PostProcess</Filter>
    </ClCompile>
    <ClCompile Include="PostProcessDecorator.cpp">
      <Filter>Source\PostProcess</Filter>
    </ClCompile>
    <ClCompile Include="gRayTracer.cpp">
      <Filter>Source\RayTracer</Filter>
    </ClCompile>
    <ClCompile Include="Object.cpp">
      <Filter>Source\RayTracer</Filter>
    </ClCompile>
    <ClCompile Include="RayFileLoader.cpp">
      <Filter>Source\RayTracer</Filter>
    </ClCompile>
    <ClCompile Include="PostProcessDecoratorTexturized.cpp">
      <Filter>Source\PostProcess</Filter>
    </ClCompile>
  </ItemGroup>
  <ItemGroup>
    <ClInclude Include="App.h">
      <Filter>Header</Filter>
    </ClInclude>
    <ClInclude Include="gVertexBuffer.h">
      <Filter>Header\Ravine</Filter>
    </ClInclude>
    <ClInclude Include="gVertexArray.h">
      <Filter>Header\Ravine</Filter>
    </ClInclude>
    <ClInclude Include="gShaderProgram.h">
      <Filter>Header\Ravine</Filter>
    </ClInclude>
    <ClInclude Include="gShaderManager.h">
      <Filter>Header\Ravine</Filter>
    </ClInclude>
    <ClInclude Include="gShaderAttribute.h">
      <Filter>Header\Ravine</Filter>
    </ClInclude>
    <ClInclude Include="gShader.h">
      <Filter>Header\Ravine</Filter>
    </ClInclude>
    <ClInclude Include="Mesh.h">
      <Filter>Header\Ravine</Filter>
    </ClInclude>
    <ClInclude Include="Debug.h">
      <Filter>Header\Ravine</Filter>
    </ClInclude>
    <ClInclude Include="Common.h">
      <Filter>Header\Utils</Filter>
    </ClInclude>
    <ClInclude Include="Math.h">
      <Filter>Header\Utils</Filter>
    </ClInclude>
    <ClInclude Include="mFileLoader.h">
      <Filter>Header\Ravine</Filter>
    </ClInclude>
    <ClInclude Include="stb_image.h">
      <Filter>Header\Ravine</Filter>
    </ClInclude>
    <ClInclude Include="gRayTracer.h">
      <Filter>Header\RayTracer</Filter>
    </ClInclude>
    <ClInclude Include="Light.h">
      <Filter>Header\RayTracer\Data</Filter>
    </ClInclude>
    <ClInclude Include="Material.h">
      <Filter>Header\RayTracer\Data</Filter>
    </ClInclude>
    <ClInclude Include="PostProcess.h">
      <Filter>Header\PostProcess</Filter>
    </ClInclude>
    <ClInclude Include="PostProcessDecorator.h">
      <Filter>Header\PostProcess</Filter>
    </ClInclude>
    <ClInclude Include="Primitives.h">
      <Filter>Header\RayTracer\Data</Filter>
    </ClInclude>
    <ClInclude Include="Ray.h">
      <Filter>Header\RayTracer\Data</Filter>
    </ClInclude>
    <ClInclude Include="Object.h">
      <Filter>Header\RayTracer</Filter>
    </ClInclude>
    <ClInclude Include="RayFileLoader.h">
      <Filter>Header\RayTracer</Filter>
    </ClInclude>
    <ClInclude Include="PostProcessDecoratorTexturized.h">
      <Filter>Header\PostProcess</Filter>
    </ClInclude>
  </ItemGroup>
  <ItemGroup>
    <None Include="bin\data\vertex_uv.vert">
      <Filter>Shaders</Filter>
    </None>
    <None Include="bin\data\fragment_base.frag">
      <Filter>Shaders</Filter>
    </None>
    <None Include="bin\data\collisionPass.comp">
      <Filter>Shaders\RayTracer</Filter>
    </None>
    <None Include="bin\data\compute_shader.comp">
      <Filter>Shaders\RayTracer</Filter>
    </None>
    <None Include="bin\data\shadingPass.comp">
      <Filter>Shaders\RayTracer</Filter>
    </None>
    <None Include="bin\data\blurPass.frag">
      <Filter>Shaders\PostProcess</Filter>
    </None>
    <None Include="bin\data\fragment_gray.frag">
      <Filter>Shaders\PostProcess</Filter>
    </None>
    <None Include="bin\data\fragment_sobel.frag">
      <Filter>Shaders\PostProcess</Filter>
    </None>
    <None Include="bin\data\fragment_sobel_add.frag">
      <Filter>Shaders\PostProcess</Filter>
    </None>
    <None Include="bin\data\fragment_texture_cray.frag">
      <Filter>Shaders\PostProcess</Filter>
    </None>
    <None Include="bin\data\fragment_sobel_outline.frag">
      <Filter>Shaders\PostProcess</Filter>
    </None>
    <None Include="bin\data\fragment_npr.frag">
      <Filter>Shaders\PostProcess</Filter>
    </None>
    <None Include="bin\data\setupPass.comp">
      <Filter>Shaders\RayTracer</Filter>
    </None>
  </ItemGroup>
  <ItemGroup>
    <Filter Include="Header">
      <UniqueIdentifier>{9667cbf3-6469-4a56-b091-64793b87bf8c}</UniqueIdentifier>
      <Extensions>h</Extensions>
    </Filter>
    <Filter Include="Header\Ravine">
      <UniqueIdentifier>{8efa42b6-4874-4f8c-a71a-ae19390b858b}</UniqueIdentifier>
    </Filter>
    <Filter Include="Header\Utils">
      <UniqueIdentifier>{b9475bb0-4397-4b13-bdc8-94778fd3e43f}</UniqueIdentifier>
    </Filter>
    <Filter Include="Shaders">
      <UniqueIdentifier>{441703a6-36e1-4fa8-beb7-3d5e40c2c826}</UniqueIdentifier>
      <Extensions>comp;frag;vert</Extensions>
    </Filter>
    <Filter Include="Header\RayTracer">
      <UniqueIdentifier>{169d217b-394e-4809-a7b2-7dbc84b1ad9f}</UniqueIdentifier>
    </Filter>
    <Filter Include="Header\RayTracer\Data">
      <UniqueIdentifier>{20a4d8d3-697d-4907-a762-2172a41e0778}</UniqueIdentifier>
    </Filter>
    <Filter Include="Header\PostProcess">
      <UniqueIdentifier>{94419868-07de-4741-a891-a32bd818cb28}</UniqueIdentifier>
    </Filter>
    <Filter Include="Source">
      <UniqueIdentifier>{fc930e2b-d8f1-4d1e-854c-aacc67b0f852}</UniqueIdentifier>
      <Extensions>cpp</Extensions>
    </Filter>
    <Filter Include="Source\Ravine">
      <UniqueIdentifier>{8e1119aa-de62-43cf-ac20-91698a9c9973}</UniqueIdentifier>
    </Filter>
    <Filter Include="Source\PostProcess">
      <UniqueIdentifier>{cab03b0c-389c-4ef8-aa67-dea6bff4d9c5}</UniqueIdentifier>
    </Filter>
    <Filter Include="Source\RayTracer">
      <UniqueIdentifier>{d59ff76f-7451-4a39-9dbc-a56d2de5239e}</UniqueIdentifier>
    </Filter>
    <Filter Include="Shaders\PostProcess">
      <UniqueIdentifier>{afa13031-7915-4708-9bbd-217c20ba9d14}</UniqueIdentifier>
    </Filter>
    <Filter Include="Shaders\RayTracer">
      <UniqueIdentifier>{43e0cef5-4cbf-42c7-8473-d7935d2438da}</UniqueIdentifier>
    </Filter>
  </ItemGroup>
</Project>